
Microsoft Visual Studio Solution File, Format Version 12.00
# Visual Studio Version 16
VisualStudioVersion = 16.0.30804.86
MinimumVisualStudioVersion = 10.0.40219.1
Project("{FAE04EC0-301F-11D3-BF4B-00C04F79EFBC}") = "ERP", "ERP\ERP.csproj", "{28CD47D4-7B26-48A6-A62A-D4E990EF8FB1}"
EndProject
Global
	GlobalSection(SolutionConfigurationPlatforms) = preSolution
		Debug|Any CPU = Debug|Any CPU
		Release|Any CPU = Release|Any CPU
	EndGlobalSection
	GlobalSection(ProjectConfigurationPlatforms) = postSolution
		{28CD47D4-7B26-48A6-A62A-D4E990EF8FB1}.Debug|Any CPU.ActiveCfg = Debug|Any CPU
		{28CD47D4-7B26-48A6-A62A-D4E990EF8FB1}.Debug|Any CPU.Build.0 = Debug|Any CPU
		{28CD47D4-7B26-48A6-A62A-D4E990EF8FB1}.Release|Any CPU.ActiveCfg = Release|Any CPU
		{28CD47D4-7B26-48A6-A62A-D4E990EF8FB1}.Release|Any CPU.Build.0 = Release|Any CPU
	EndGlobalSection
	GlobalSection(SolutionProperties) = preSolution
		HideSolutionNode = FALSE
	EndGlobalSection
	GlobalSection(ExtensibilityGlobals) = postSolution
		SolutionGuid = {D4F50335-E53E-4A09-A5DA-5A47C0CC1412}
	EndGlobalSection
EndGlobal
